<Solution>
  <Folder Name="/src/">
    <Project Path="src/Rag.NET/Rag.NET.csproj" />
    <Project Path="src/Rag.NET.PgVector/Rag.NET.PgVector.csproj" />
    <Project Path="src/Rag.NET.Parsers.Pdf/Rag.NET.Parsers.Pdf.csproj" />
    <Project Path="src/Rag.NET.Qdrant/Rag.NET.Qdrant.csproj" />
    <Project Path="src/Rag.NET.Api.Client/Rag.NET.Api.Client.csproj" />
    <Project Path="src/Rag.NET.Api.Grpc.Client/Rag.NET.Api.Grpc.Client.csproj" />
    <Project Path="src/Rag.NET.Api.Grpc/Rag.NET.Api.Grpc.csproj" />
    <Project Path="src/Rag.NET.Api/Rag.NET.Api.csproj" />
    <Project Path="src/Rag.NET.AzureAISearch/Rag.NET.AzureAISearch.csproj" />
    <Project Path="src/Rag.NET.Parsers.Html/Rag.NET.Parsers.Html.csproj" />
    <Project Path="src/Rag.NET.Parsers.Word/Rag.NET.Parsers.Word.csproj" />
    <Project Path="src/Rag.NET.Mcp.Tool/Rag.NET.Mcp.Tool.csproj" />
    <Project Path="src/Rag.NET.Mcp/Rag.NET.Mcp.csproj" />
    <Project Path="src/Rag.NET.Mediator/Rag.NET.Mediator.csproj" />
    <Project Path="src/Rag.NET.Parsers.Excel/Rag.NET.Parsers.Excel.csproj" />
    <Project Path="src/Rag.NET.Parsers.PowerPoint/Rag.NET.Parsers.PowerPoint.csproj" />
    <Project Path="src/Rag.NET.DataProviders.GitHub/Rag.NET.DataProviders.GitHub.csproj" />
    <Project Path="src/Rag.NET.DataProviders.Web/Rag.NET.DataProviders.Web.csproj" />
    <Project Path="src/Rag.NET.Evaluation/Rag.NET.Evaluation.csproj" />
    <Project Path="src/Rag.NET.Reranking.Onnx/Rag.NET.Reranking.Onnx.csproj" />
  </Folder>
  <Folder Name="/tests/">
    <Project Path="tests/Rag.NET.Tests/Rag.NET.Tests.csproj" />
    <Project Path="tests/Rag.NET.PgVector.Tests/Rag.NET.PgVector.Tests.csproj" />
    <Project Path="tests/Rag.NET.Qdrant.Tests/Rag.NET.Qdrant.Tests.csproj" />
    <Project Path="tests/Rag.NET.Api.Client.Tests/Rag.NET.Api.Client.Tests.csproj" />
    <Project Path="tests/Rag.NET.Api.Grpc.Client.Tests/Rag.NET.Api.Grpc.Client.Tests.csproj" />
    <Project Path="tests/Rag.NET.Api.Grpc.Tests/Rag.NET.Api.Grpc.Tests.csproj" />
    <Project Path="tests/Rag.NET.Api.Tests/Rag.NET.Api.Tests.csproj" />
    <Project Path="tests/Rag.NET.AzureAISearch.Tests/Rag.NET.AzureAISearch.Tests.csproj" />
    <Project Path="tests/Rag.NET.Parsers.Html.Tests/Rag.NET.Parsers.Html.Tests.csproj" />
    <Project Path="tests/Rag.NET.Parsers.Word.Tests/Rag.NET.Parsers.Word.Tests.csproj" />
    <Project Path="tests/Rag.NET.Mcp.Tests/Rag.NET.Mcp.Tests.csproj" />
    <Project Path="tests/Rag.NET.Parsers.Excel.Tests/Rag.NET.Parsers.Excel.Tests.csproj" />
    <Project Path="tests/Rag.NET.Parsers.PowerPoint.Tests/Rag.NET.Parsers.PowerPoint.Tests.csproj" />
    <Project Path="tests/Rag.NET.DataProviders.GitHub.Tests/Rag.NET.DataProviders.GitHub.Tests.csproj" />
    <Project Path="tests/Rag.NET.DataProviders.Web.Tests/Rag.NET.DataProviders.Web.Tests.csproj" />
    <Project Path="tests/Rag.NET.Evaluation.Tests/Rag.NET.Evaluation.Tests.csproj" />
    <Project Path="tests/Rag.NET.Reranking.Onnx.Tests/Rag.NET.Reranking.Onnx.Tests.csproj" />
  </Folder>
  <Folder Name="/samples/">
    <Project Path="samples/Rag.NET.Sample/Rag.NET.Sample.csproj" />
  </Folder>
  <Folder Name="/benchmarks/">
    <Project Path="benchmarks/Rag.NET.Benchmarks/Rag.NET.Benchmarks.csproj" />
  </Folder>
</Solution>
