<Solution>
  <Folder Name="/src/">
    <Project Path="src/Rag.NET/Rag.NET.csproj" />
    <Project Path="src/Rag.NET.PgVector/Rag.NET.PgVector.csproj" />
    <Project Path="src/Rag.NET.Parsers.Pdf/Rag.NET.Parsers.Pdf.csproj" />
  </Folder>
  <Folder Name="/tests/">
    <Project Path="tests/Rag.NET.Tests/Rag.NET.Tests.csproj" />
    <Project Path="tests/Rag.NET.PgVector.Tests/Rag.NET.PgVector.Tests.csproj" />
  </Folder>
  <Folder Name="/samples/">
    <Project Path="samples/Rag.NET.Sample/Rag.NET.Sample.csproj" />
  </Folder>
</Solution>
